
Microsoft Visual Studio Solution File, Format Version 12.00
Project("{FAE04EC0-301F-11D3-BF4B-00C04F79EFBC}") = "MultiplayerFix", "MultiplayerFix\MultiplayerFix.csproj", "{AE6BDBDE-2C24-4FCC-90E1-28BE3421716D}"
EndProject
Global
	GlobalSection(SolutionConfigurationPlatforms) = preSolution
		Debug|Any CPU = Debug|Any CPU
		Release|Any CPU = Release|Any CPU
	EndGlobalSection
	GlobalSection(ProjectConfigurationPlatforms) = postSolution
		{AE6BDBDE-2C24-4FCC-90E1-28BE3421716D}.Debug|Any CPU.ActiveCfg = Debug|Any CPU
		{AE6BDBDE-2C24-4FCC-90E1-28BE3421716D}.Debug|Any CPU.Build.0 = Debug|Any CPU
		{AE6BDBDE-2C24-4FCC-90E1-28BE3421716D}.Release|Any CPU.ActiveCfg = Release|Any CPU
		{AE6BDBDE-2C24-4FCC-90E1-28BE3421716D}.Release|Any CPU.Build.0 = Release|Any CPU
	EndGlobalSection
EndGlobal
